
Microsoft Visual Studio Solution File, Format Version 12.00
# Visual Studio Version 17
VisualStudioVersion = 17.14.36603.0
MinimumVisualStudioVersion = 10.0.40219.1
Project("{FAE04EC0-301F-11D3-BF4B-00C04F79EFBC}") = "1h_telikh", "1h_telikh\1h_telikh.csproj", "{548119EC-F1AB-459F-86AE-AF24EA28E407}"
EndProject
Project("{2150E333-8FDC-42A3-9474-1A3956D46DE8}") = "Solution Items", "Solution Items", "{8EC462FD-D22E-90A8-E5CE-7E832BA40C5D}"
	ProjectSection(SolutionItems) = preProject
		1h_telikh\Form1.cs = 1h_telikh\Form1.cs
		1h_telikh\Form1.Designer.cs = 1h_telikh\Form1.Designer.cs
		1h_telikh\Form1.resx = 1h_telikh\Form1.resx
	EndProjectSection
EndProject
Global
	GlobalSection(SolutionConfigurationPlatforms) = preSolution
		Debug|Any CPU = Debug|Any CPU
		Release|Any CPU = Release|Any CPU
	EndGlobalSection
	GlobalSection(ProjectConfigurationPlatforms) = postSolution
		{548119EC-F1AB-459F-86AE-AF24EA28E407}.Debug|Any CPU.ActiveCfg = Debug|Any CPU
		{548119EC-F1AB-459F-86AE-AF24EA28E407}.Debug|Any CPU.Build.0 = Debug|Any CPU
		{548119EC-F1AB-459F-86AE-AF24EA28E407}.Release|Any CPU.ActiveCfg = Release|Any CPU
		{548119EC-F1AB-459F-86AE-AF24EA28E407}.Release|Any CPU.Build.0 = Release|Any CPU
	EndGlobalSection
	GlobalSection(SolutionProperties) = preSolution
		HideSolutionNode = FALSE
	EndGlobalSection
	GlobalSection(ExtensibilityGlobals) = postSolution
		SolutionGuid = {E9D57205-2FA1-4DA6-9252-977D58EB631B}
	EndGlobalSection
EndGlobal
