
Microsoft Visual Studio Solution File, Format Version 12.00
# Visual Studio Version 17
VisualStudioVersion = 17.14.36603.0 d17.14
MinimumVisualStudioVersion = 10.0.40219.1
Project("{FAE04EC0-301F-11D3-BF4B-00C04F79EFBC}") = "2h_telikh", "2h_telikh\2h_telikh.csproj", "{7163ADE3-0D44-401D-BCBD-A74BE1739EB0}"
EndProject
Global
	GlobalSection(SolutionConfigurationPlatforms) = preSolution
		Debug|Any CPU = Debug|Any CPU
		Release|Any CPU = Release|Any CPU
	EndGlobalSection
	GlobalSection(ProjectConfigurationPlatforms) = postSolution
		{7163ADE3-0D44-401D-BCBD-A74BE1739EB0}.Debug|Any CPU.ActiveCfg = Debug|Any CPU
		{7163ADE3-0D44-401D-BCBD-A74BE1739EB0}.Debug|Any CPU.Build.0 = Debug|Any CPU
		{7163ADE3-0D44-401D-BCBD-A74BE1739EB0}.Release|Any CPU.ActiveCfg = Release|Any CPU
		{7163ADE3-0D44-401D-BCBD-A74BE1739EB0}.Release|Any CPU.Build.0 = Release|Any CPU
	EndGlobalSection
	GlobalSection(SolutionProperties) = preSolution
		HideSolutionNode = FALSE
	EndGlobalSection
	GlobalSection(ExtensibilityGlobals) = postSolution
		SolutionGuid = {03E0FFAC-E220-49A2-AFFE-97CCE30A419D}
	EndGlobalSection
EndGlobal
